
Microsoft Visual Studio Solution File, Format Version 12.00
# Visual Studio Version 16
VisualStudioVersion = 16.0.30717.126
MinimumVisualStudioVersion = 10.0.40219.1
Project("{FAE04EC0-301F-11D3-BF4B-00C04F79EFBC}") = "Jefter.Negociacao_B3.Visualizacao", "Jefter.Negociacao_B3.Visualizacao\Jefter.Negociacao_B3.Visualizacao.csproj", "{D1C6CCC6-F3FF-4DD3-9881-1DCC9CAE0E46}"
EndProject
Project("{FAE04EC0-301F-11D3-BF4B-00C04F79EFBC}") = "Jefter.Negociacao_B3.Dados", "Jefter.Negociacao_B3.Dados\Jefter.Negociacao_B3.Dados.csproj", "{BBB9D881-BEEC-403E-B000-B587D6AA98F7}"
EndProject
Project("{FAE04EC0-301F-11D3-BF4B-00C04F79EFBC}") = "Jefter.Negociacao_B3.Dominio", "Jefter.Negociacao_B3.Dominio\Jefter.Negociacao_B3.Dominio.csproj", "{F81F8DF9-8440-4C72-A99E-A019F74BA50C}"
EndProject
Project("{FAE04EC0-301F-11D3-BF4B-00C04F79EFBC}") = "Jefter.Negociacao_B3.Negocios", "Jefter.Negociacao_B3.Negocios\Jefter.Negociacao_B3.Negocios.csproj", "{75A20CDE-5700-46B8-BA37-3DDD2E5990A2}"
EndProject
Global
	GlobalSection(SolutionConfigurationPlatforms) = preSolution
		Debug|Any CPU = Debug|Any CPU
		Release|Any CPU = Release|Any CPU
	EndGlobalSection
	GlobalSection(ProjectConfigurationPlatforms) = postSolution
		{D1C6CCC6-F3FF-4DD3-9881-1DCC9CAE0E46}.Debug|Any CPU.ActiveCfg = Debug|Any CPU
		{D1C6CCC6-F3FF-4DD3-9881-1DCC9CAE0E46}.Debug|Any CPU.Build.0 = Debug|Any CPU
		{D1C6CCC6-F3FF-4DD3-9881-1DCC9CAE0E46}.Release|Any CPU.ActiveCfg = Release|Any CPU
		{D1C6CCC6-F3FF-4DD3-9881-1DCC9CAE0E46}.Release|Any CPU.Build.0 = Release|Any CPU
		{BBB9D881-BEEC-403E-B000-B587D6AA98F7}.Debug|Any CPU.ActiveCfg = Debug|Any CPU
		{BBB9D881-BEEC-403E-B000-B587D6AA98F7}.Debug|Any CPU.Build.0 = Debug|Any CPU
		{BBB9D881-BEEC-403E-B000-B587D6AA98F7}.Release|Any CPU.ActiveCfg = Release|Any CPU
		{BBB9D881-BEEC-403E-B000-B587D6AA98F7}.Release|Any CPU.Build.0 = Release|Any CPU
		{F81F8DF9-8440-4C72-A99E-A019F74BA50C}.Debug|Any CPU.ActiveCfg = Debug|Any CPU
		{F81F8DF9-8440-4C72-A99E-A019F74BA50C}.Debug|Any CPU.Build.0 = Debug|Any CPU
		{F81F8DF9-8440-4C72-A99E-A019F74BA50C}.Release|Any CPU.ActiveCfg = Release|Any CPU
		{F81F8DF9-8440-4C72-A99E-A019F74BA50C}.Release|Any CPU.Build.0 = Release|Any CPU
		{75A20CDE-5700-46B8-BA37-3DDD2E5990A2}.Debug|Any CPU.ActiveCfg = Debug|Any CPU
		{75A20CDE-5700-46B8-BA37-3DDD2E5990A2}.Debug|Any CPU.Build.0 = Debug|Any CPU
		{75A20CDE-5700-46B8-BA37-3DDD2E5990A2}.Release|Any CPU.ActiveCfg = Release|Any CPU
		{75A20CDE-5700-46B8-BA37-3DDD2E5990A2}.Release|Any CPU.Build.0 = Release|Any CPU
	EndGlobalSection
	GlobalSection(SolutionProperties) = preSolution
		HideSolutionNode = FALSE
	EndGlobalSection
	GlobalSection(ExtensibilityGlobals) = postSolution
		SolutionGuid = {76842DD1-BCB6-4D65-828D-AACC76697940}
	EndGlobalSection
EndGlobal
